
Microsoft Visual Studio Solution File, Format Version 12.00
# Visual Studio Version 17
VisualStudioVersion = 17.4.33205.214
MinimumVisualStudioVersion = 10.0.40219.1
Project("{FAE04EC0-301F-11D3-BF4B-00C04F79EFBC}") = "POC.Grpc.Services.Customer.API", "POC.Grpc.Services.Customer.API\POC.Grpc.Services.Customer.API.csproj", "{7217B3D2-5461-4808-A19A-CFB7C21BB562}"
EndProject
Project("{FAE04EC0-301F-11D3-BF4B-00C04F79EFBC}") = "POC.Grpc.Services.Order.API", "POC.Grpc.Services.Order.API\POC.Grpc.Services.Order.API.csproj", "{DE355939-F264-4BEA-8880-C3478EFF18A5}"
EndProject
Project("{FAE04EC0-301F-11D3-BF4B-00C04F79EFBC}") = "POC.Grpc.Services.Core", "POC.Grpc.Services.Core\POC.Grpc.Services.Core.csproj", "{B49814E1-64FE-4C92-8584-826BE4C6F6EA}"
EndProject
Global
	GlobalSection(SolutionConfigurationPlatforms) = preSolution
		Debug|Any CPU = Debug|Any CPU
		Release|Any CPU = Release|Any CPU
	EndGlobalSection
	GlobalSection(ProjectConfigurationPlatforms) = postSolution
		{7217B3D2-5461-4808-A19A-CFB7C21BB562}.Debug|Any CPU.ActiveCfg = Debug|Any CPU
		{7217B3D2-5461-4808-A19A-CFB7C21BB562}.Debug|Any CPU.Build.0 = Debug|Any CPU
		{7217B3D2-5461-4808-A19A-CFB7C21BB562}.Release|Any CPU.ActiveCfg = Release|Any CPU
		{7217B3D2-5461-4808-A19A-CFB7C21BB562}.Release|Any CPU.Build.0 = Release|Any CPU
		{DE355939-F264-4BEA-8880-C3478EFF18A5}.Debug|Any CPU.ActiveCfg = Debug|Any CPU
		{DE355939-F264-4BEA-8880-C3478EFF18A5}.Debug|Any CPU.Build.0 = Debug|Any CPU
		{DE355939-F264-4BEA-8880-C3478EFF18A5}.Release|Any CPU.ActiveCfg = Release|Any CPU
		{DE355939-F264-4BEA-8880-C3478EFF18A5}.Release|Any CPU.Build.0 = Release|Any CPU
		{B49814E1-64FE-4C92-8584-826BE4C6F6EA}.Debug|Any CPU.ActiveCfg = Debug|Any CPU
		{B49814E1-64FE-4C92-8584-826BE4C6F6EA}.Debug|Any CPU.Build.0 = Debug|Any CPU
		{B49814E1-64FE-4C92-8584-826BE4C6F6EA}.Release|Any CPU.ActiveCfg = Release|Any CPU
		{B49814E1-64FE-4C92-8584-826BE4C6F6EA}.Release|Any CPU.Build.0 = Release|Any CPU
	EndGlobalSection
	GlobalSection(SolutionProperties) = preSolution
		HideSolutionNode = FALSE
	EndGlobalSection
	GlobalSection(ExtensibilityGlobals) = postSolution
		SolutionGuid = {560B0F0B-BA91-4214-AEB9-45D575E289AB}
	EndGlobalSection
EndGlobal
