
Microsoft Visual Studio Solution File, Format Version 12.00
# Visual Studio Version 17
VisualStudioVersion = 17.4.33205.214
MinimumVisualStudioVersion = 10.0.40219.1
Project("{9A19103F-16F7-4668-BE54-9A1E7A4F7556}") = "POC.Grpc.Services.Customer.API", "POC.Grpc.Services.Customer.API\POC.Grpc.Services.Customer.API.csproj", "{7217B3D2-5461-4808-A19A-CFB7C21BB562}"
EndProject
Project("{9A19103F-16F7-4668-BE54-9A1E7A4F7556}") = "POC.Grpc.Services.Order.API", "POC.Grpc.Services.Order.API\POC.Grpc.Services.Order.API.csproj", "{DE355939-F264-4BEA-8880-C3478EFF18A5}"
EndProject
Project("{9A19103F-16F7-4668-BE54-9A1E7A4F7556}") = "POC.Grpc.Services.Core", "POC.Grpc.Services.Core\POC.Grpc.Services.Core.csproj", "{B49814E1-64FE-4C92-8584-826BE4C6F6EA}"
EndProject
Project("{9A19103F-16F7-4668-BE54-9A1E7A4F7556}") = "POC.Grpc.Finance.API", "POC.Grpc.Finance.API\POC.Grpc.Finance.API.csproj", "{A65263F9-AD14-4325-99B5-B1456F7B9424}"
EndProject
Project("{9A19103F-16F7-4668-BE54-9A1E7A4F7556}") = "POC.Grpc.TestPerformance", "POC.Grpc.TestPerformance\POC.Grpc.TestPerformance.csproj", "{F4BA9708-448D-42AE-A351-61C4C65EDC31}"
EndProject
Project("{FAE04EC0-301F-11D3-BF4B-00C04F79EFBC}") = "POC.Grpc.Services.Order.Business", "POC.Grpc.Services.Order.Business\POC.Grpc.Services.Order.Business.csproj", "{335751D1-0AC1-420F-8B45-BD2E39B8CB56}"
EndProject
Project("{2150E333-8FDC-42A3-9474-1A3956D46DE8}") = "Order", "Order", "{C74F6138-78AE-49D9-BB06-CE8B4ACC5198}"
EndProject
Project("{2150E333-8FDC-42A3-9474-1A3956D46DE8}") = "Common", "Common", "{0C648C5B-CC0E-44A3-83E8-8E86C0F3A007}"
EndProject
Project("{2150E333-8FDC-42A3-9474-1A3956D46DE8}") = "Customer", "Customer", "{7396BD88-2F3E-4A26-921E-B12FCD073F19}"
EndProject
Project("{2150E333-8FDC-42A3-9474-1A3956D46DE8}") = "Finance", "Finance", "{43F74479-1A0B-4D30-A526-8E78A3847F24}"
EndProject
Project("{2150E333-8FDC-42A3-9474-1A3956D46DE8}") = "Services", "Services", "{A19AF1A9-2628-4D63-8D6F-8B501AAA75DA}"
EndProject
Project("{2150E333-8FDC-42A3-9474-1A3956D46DE8}") = "src", "src", "{5FED860D-7E9D-4529-90DF-822237A01532}"
EndProject
Global
	GlobalSection(SolutionConfigurationPlatforms) = preSolution
		Debug|Any CPU = Debug|Any CPU
		Release|Any CPU = Release|Any CPU
	EndGlobalSection
	GlobalSection(ProjectConfigurationPlatforms) = postSolution
		{7217B3D2-5461-4808-A19A-CFB7C21BB562}.Debug|Any CPU.ActiveCfg = Debug|Any CPU
		{7217B3D2-5461-4808-A19A-CFB7C21BB562}.Debug|Any CPU.Build.0 = Debug|Any CPU
		{7217B3D2-5461-4808-A19A-CFB7C21BB562}.Release|Any CPU.ActiveCfg = Release|Any CPU
		{7217B3D2-5461-4808-A19A-CFB7C21BB562}.Release|Any CPU.Build.0 = Release|Any CPU
		{DE355939-F264-4BEA-8880-C3478EFF18A5}.Debug|Any CPU.ActiveCfg = Debug|Any CPU
		{DE355939-F264-4BEA-8880-C3478EFF18A5}.Debug|Any CPU.Build.0 = Debug|Any CPU
		{DE355939-F264-4BEA-8880-C3478EFF18A5}.Release|Any CPU.ActiveCfg = Release|Any CPU
		{DE355939-F264-4BEA-8880-C3478EFF18A5}.Release|Any CPU.Build.0 = Release|Any CPU
		{B49814E1-64FE-4C92-8584-826BE4C6F6EA}.Debug|Any CPU.ActiveCfg = Debug|Any CPU
		{B49814E1-64FE-4C92-8584-826BE4C6F6EA}.Debug|Any CPU.Build.0 = Debug|Any CPU
		{B49814E1-64FE-4C92-8584-826BE4C6F6EA}.Release|Any CPU.ActiveCfg = Release|Any CPU
		{B49814E1-64FE-4C92-8584-826BE4C6F6EA}.Release|Any CPU.Build.0 = Release|Any CPU
		{A65263F9-AD14-4325-99B5-B1456F7B9424}.Debug|Any CPU.ActiveCfg = Debug|Any CPU
		{A65263F9-AD14-4325-99B5-B1456F7B9424}.Debug|Any CPU.Build.0 = Debug|Any CPU
		{A65263F9-AD14-4325-99B5-B1456F7B9424}.Release|Any CPU.ActiveCfg = Release|Any CPU
		{A65263F9-AD14-4325-99B5-B1456F7B9424}.Release|Any CPU.Build.0 = Release|Any CPU
		{F4BA9708-448D-42AE-A351-61C4C65EDC31}.Debug|Any CPU.ActiveCfg = Debug|Any CPU
		{F4BA9708-448D-42AE-A351-61C4C65EDC31}.Debug|Any CPU.Build.0 = Debug|Any CPU
		{F4BA9708-448D-42AE-A351-61C4C65EDC31}.Release|Any CPU.ActiveCfg = Release|Any CPU
		{F4BA9708-448D-42AE-A351-61C4C65EDC31}.Release|Any CPU.Build.0 = Release|Any CPU
		{335751D1-0AC1-420F-8B45-BD2E39B8CB56}.Debug|Any CPU.ActiveCfg = Debug|Any CPU
		{335751D1-0AC1-420F-8B45-BD2E39B8CB56}.Debug|Any CPU.Build.0 = Debug|Any CPU
		{335751D1-0AC1-420F-8B45-BD2E39B8CB56}.Release|Any CPU.ActiveCfg = Release|Any CPU
		{335751D1-0AC1-420F-8B45-BD2E39B8CB56}.Release|Any CPU.Build.0 = Release|Any CPU
	EndGlobalSection
	GlobalSection(SolutionProperties) = preSolution
		HideSolutionNode = FALSE
	EndGlobalSection
	GlobalSection(NestedProjects) = preSolution
		{7217B3D2-5461-4808-A19A-CFB7C21BB562} = {7396BD88-2F3E-4A26-921E-B12FCD073F19}
		{DE355939-F264-4BEA-8880-C3478EFF18A5} = {C74F6138-78AE-49D9-BB06-CE8B4ACC5198}
		{B49814E1-64FE-4C92-8584-826BE4C6F6EA} = {0C648C5B-CC0E-44A3-83E8-8E86C0F3A007}
		{A65263F9-AD14-4325-99B5-B1456F7B9424} = {43F74479-1A0B-4D30-A526-8E78A3847F24}
		{F4BA9708-448D-42AE-A351-61C4C65EDC31} = {0C648C5B-CC0E-44A3-83E8-8E86C0F3A007}
		{335751D1-0AC1-420F-8B45-BD2E39B8CB56} = {C74F6138-78AE-49D9-BB06-CE8B4ACC5198}
		{C74F6138-78AE-49D9-BB06-CE8B4ACC5198} = {A19AF1A9-2628-4D63-8D6F-8B501AAA75DA}
		{0C648C5B-CC0E-44A3-83E8-8E86C0F3A007} = {5FED860D-7E9D-4529-90DF-822237A01532}
		{7396BD88-2F3E-4A26-921E-B12FCD073F19} = {A19AF1A9-2628-4D63-8D6F-8B501AAA75DA}
		{43F74479-1A0B-4D30-A526-8E78A3847F24} = {A19AF1A9-2628-4D63-8D6F-8B501AAA75DA}
		{A19AF1A9-2628-4D63-8D6F-8B501AAA75DA} = {5FED860D-7E9D-4529-90DF-822237A01532}
	EndGlobalSection
	GlobalSection(ExtensibilityGlobals) = postSolution
		SolutionGuid = {560B0F0B-BA91-4214-AEB9-45D575E289AB}
	EndGlobalSection
EndGlobal
